
Microsoft Visual Studio Solution File, Format Version 12.00
# Visual Studio Version 16
VisualStudioVersion = 16.0.29926.136
MinimumVisualStudioVersion = 10.0.40219.1
Project("{8BC9CEB8-8B4A-11D0-8D11-00A0C91BC942}") = "ClassAdd1", "ClassAdd1\ClassAdd1.vcxproj", "{4272C891-62C8-416B-986D-AB69FDB35044}"
EndProject
Global
	GlobalSection(SolutionConfigurationPlatforms) = preSolution
		Debug|x64 = Debug|x64
		Debug|x86 = Debug|x86
		Release|x64 = Release|x64
		Release|x86 = Release|x86
	EndGlobalSection
	GlobalSection(ProjectConfigurationPlatforms) = postSolution
		{4272C891-62C8-416B-986D-AB69FDB35044}.Debug|x64.ActiveCfg = Debug|x64
		{4272C891-62C8-416B-986D-AB69FDB35044}.Debug|x64.Build.0 = Debug|x64
		{4272C891-62C8-416B-986D-AB69FDB35044}.Debug|x86.ActiveCfg = Debug|Win32
		{4272C891-62C8-416B-986D-AB69FDB35044}.Debug|x86.Build.0 = Debug|Win32
		{4272C891-62C8-416B-986D-AB69FDB35044}.Release|x64.ActiveCfg = Release|x64
		{4272C891-62C8-416B-986D-AB69FDB35044}.Release|x64.Build.0 = Release|x64
		{4272C891-62C8-416B-986D-AB69FDB35044}.Release|x86.ActiveCfg = Release|Win32
		{4272C891-62C8-416B-986D-AB69FDB35044}.Release|x86.Build.0 = Release|Win32
	EndGlobalSection
	GlobalSection(SolutionProperties) = preSolution
		HideSolutionNode = FALSE
	EndGlobalSection
	GlobalSection(ExtensibilityGlobals) = postSolution
		SolutionGuid = {0FE0039A-BAEF-45BE-AC0B-C53FEE7B5D4B}
	EndGlobalSection
EndGlobal
