
Microsoft Visual Studio Solution File, Format Version 12.00
# Visual Studio Version 16
VisualStudioVersion = 16.0.29926.136
MinimumVisualStudioVersion = 10.0.40219.1
Project("{8BC9CEB8-8B4A-11D0-8D11-00A0C91BC942}") = "SEditGraphic", "SEditGraphic\SEditGraphic.vcxproj", "{376A3832-783A-4BEC-98F7-B51775341329}"
EndProject
Global
	GlobalSection(SolutionConfigurationPlatforms) = preSolution
		Debug|x64 = Debug|x64
		Debug|x86 = Debug|x86
		Release|x64 = Release|x64
		Release|x86 = Release|x86
	EndGlobalSection
	GlobalSection(ProjectConfigurationPlatforms) = postSolution
		{376A3832-783A-4BEC-98F7-B51775341329}.Debug|x64.ActiveCfg = Debug|x64
		{376A3832-783A-4BEC-98F7-B51775341329}.Debug|x64.Build.0 = Debug|x64
		{376A3832-783A-4BEC-98F7-B51775341329}.Debug|x86.ActiveCfg = Debug|Win32
		{376A3832-783A-4BEC-98F7-B51775341329}.Debug|x86.Build.0 = Debug|Win32
		{376A3832-783A-4BEC-98F7-B51775341329}.Release|x64.ActiveCfg = Release|x64
		{376A3832-783A-4BEC-98F7-B51775341329}.Release|x64.Build.0 = Release|x64
		{376A3832-783A-4BEC-98F7-B51775341329}.Release|x86.ActiveCfg = Release|Win32
		{376A3832-783A-4BEC-98F7-B51775341329}.Release|x86.Build.0 = Release|Win32
	EndGlobalSection
	GlobalSection(SolutionProperties) = preSolution
		HideSolutionNode = FALSE
	EndGlobalSection
	GlobalSection(ExtensibilityGlobals) = postSolution
		SolutionGuid = {D7699B5B-BC1C-4F3E-8E90-3F22BF78D730}
	EndGlobalSection
EndGlobal
