
Microsoft Visual Studio Solution File, Format Version 12.00
# Visual Studio Version 16
VisualStudioVersion = 16.0.30002.166
MinimumVisualStudioVersion = 10.0.40219.1
Project("{8BC9CEB8-8B4A-11D0-8D11-00A0C91BC942}") = "Editor", "Editor.vcxproj", "{A80EA2AC-2483-4A2C-9B6C-3AAC0D8FBCA7}"
EndProject
Global
	GlobalSection(SolutionConfigurationPlatforms) = preSolution
		Debug|x64 = Debug|x64
		Debug|x86 = Debug|x86
		Release|x64 = Release|x64
		Release|x86 = Release|x86
	EndGlobalSection
	GlobalSection(ProjectConfigurationPlatforms) = postSolution
		{A80EA2AC-2483-4A2C-9B6C-3AAC0D8FBCA7}.Debug|x64.ActiveCfg = Debug|x64
		{A80EA2AC-2483-4A2C-9B6C-3AAC0D8FBCA7}.Debug|x64.Build.0 = Debug|x64
		{A80EA2AC-2483-4A2C-9B6C-3AAC0D8FBCA7}.Debug|x86.ActiveCfg = Debug|Win32
		{A80EA2AC-2483-4A2C-9B6C-3AAC0D8FBCA7}.Debug|x86.Build.0 = Debug|Win32
		{A80EA2AC-2483-4A2C-9B6C-3AAC0D8FBCA7}.Release|x64.ActiveCfg = Release|x64
		{A80EA2AC-2483-4A2C-9B6C-3AAC0D8FBCA7}.Release|x64.Build.0 = Release|x64
		{A80EA2AC-2483-4A2C-9B6C-3AAC0D8FBCA7}.Release|x86.ActiveCfg = Release|Win32
		{A80EA2AC-2483-4A2C-9B6C-3AAC0D8FBCA7}.Release|x86.Build.0 = Release|Win32
	EndGlobalSection
	GlobalSection(SolutionProperties) = preSolution
		HideSolutionNode = FALSE
	EndGlobalSection
	GlobalSection(ExtensibilityGlobals) = postSolution
		SolutionGuid = {F7622D19-2F4A-491D-A2C1-21019F8A90B9}
	EndGlobalSection
EndGlobal
